
Microsoft Visual Studio Solution File, Format Version 11.00
# Visual Studio 2010
Project("{FAE04EC0-301F-11D3-BF4B-00C04F79EFBC}") = "abibus №1", "Assembly-CSharp-firstpass.csproj", "{59F52EC9-0612-85DB-0BAC-EC6E3BE052F1}"
EndProject
Project("{FAE04EC0-301F-11D3-BF4B-00C04F79EFBC}") = "abibus №1", "Assembly-CSharp.csproj", "{26A51C33-3AAB-1863-A925-5EC4352279AD}"
EndProject
Global
	GlobalSection(SolutionConfigurationPlatforms) = preSolution
		Debug|Any CPU = Debug|Any CPU
		Release|Any CPU = Release|Any CPU
	EndGlobalSection
	GlobalSection(ProjectConfigurationPlatforms) = postSolution
		{59F52EC9-0612-85DB-0BAC-EC6E3BE052F1}.Debug|Any CPU.ActiveCfg = Debug|Any CPU
		{59F52EC9-0612-85DB-0BAC-EC6E3BE052F1}.Debug|Any CPU.Build.0 = Debug|Any CPU
		{59F52EC9-0612-85DB-0BAC-EC6E3BE052F1}.Release|Any CPU.ActiveCfg = Release|Any CPU
		{59F52EC9-0612-85DB-0BAC-EC6E3BE052F1}.Release|Any CPU.Build.0 = Release|Any CPU
		{26A51C33-3AAB-1863-A925-5EC4352279AD}.Debug|Any CPU.ActiveCfg = Debug|Any CPU
		{26A51C33-3AAB-1863-A925-5EC4352279AD}.Debug|Any CPU.Build.0 = Debug|Any CPU
		{26A51C33-3AAB-1863-A925-5EC4352279AD}.Release|Any CPU.ActiveCfg = Release|Any CPU
		{26A51C33-3AAB-1863-A925-5EC4352279AD}.Release|Any CPU.Build.0 = Release|Any CPU
	EndGlobalSection
	GlobalSection(SolutionProperties) = preSolution
		HideSolutionNode = FALSE
	EndGlobalSection
	GlobalSection(MonoDevelopProperties) = preSolution
		StartupItem = Assembly-CSharp.csproj
	EndGlobalSection
EndGlobal
